
Microsoft Visual Studio Solution File, Format Version 12.00
Project("{FAE04EC0-301F-11D3-BF4B-00C04F79EFBC}") = "FunctionApp", "FunctionApp\FunctionApp.csproj", "{AC6DA1EC-28E6-4673-B936-A4D41365979A}"
EndProject
Project("{FAE04EC0-301F-11D3-BF4B-00C04F79EFBC}") = "FunctionApp.Tests", "FunctionApp.Tests\FunctionApp.Tests.csproj", "{F7E8F774-B8C6-48A0-9023-CA521F8D6924}"
EndProject
Global
	GlobalSection(SolutionConfigurationPlatforms) = preSolution
		Debug|Any CPU = Debug|Any CPU
		Release|Any CPU = Release|Any CPU
	EndGlobalSection
	GlobalSection(ProjectConfigurationPlatforms) = postSolution
		{AC6DA1EC-28E6-4673-B936-A4D41365979A}.Debug|Any CPU.ActiveCfg = Debug|Any CPU
		{AC6DA1EC-28E6-4673-B936-A4D41365979A}.Debug|Any CPU.Build.0 = Debug|Any CPU
		{AC6DA1EC-28E6-4673-B936-A4D41365979A}.Release|Any CPU.ActiveCfg = Release|Any CPU
		{AC6DA1EC-28E6-4673-B936-A4D41365979A}.Release|Any CPU.Build.0 = Release|Any CPU
		{F7E8F774-B8C6-48A0-9023-CA521F8D6924}.Debug|Any CPU.ActiveCfg = Debug|Any CPU
		{F7E8F774-B8C6-48A0-9023-CA521F8D6924}.Debug|Any CPU.Build.0 = Debug|Any CPU
		{F7E8F774-B8C6-48A0-9023-CA521F8D6924}.Release|Any CPU.ActiveCfg = Release|Any CPU
		{F7E8F774-B8C6-48A0-9023-CA521F8D6924}.Release|Any CPU.Build.0 = Release|Any CPU
	EndGlobalSection
EndGlobal
